
Microsoft Visual Studio Solution File, Format Version 12.00
# Visual Studio Version 17
VisualStudioVersion = 17.1.32210.238
MinimumVisualStudioVersion = 10.0.40219.1
Project("{FAE04EC0-301F-11D3-BF4B-00C04F79EFBC}") = "TRMDataManager", "TRMDataManager\TRMDataManager.csproj", "{A27A440B-4594-4567-A7C2-F1F9420BC5B9}"
EndProject
Project("{00D1A9C2-B5F0-4AF3-8072-F6C62B433612}") = "TRMData", "TRMData\TRMData.sqlproj", "{3D9081CC-3A97-4A82-86BF-C71E9AAFF043}"
EndProject
Project("{FAE04EC0-301F-11D3-BF4B-00C04F79EFBC}") = "TRMDesktopUI", "TRMDesktopUI\TRMDesktopUI.csproj", "{40380B9C-68B9-4052-BAFE-5F44B9053D4D}"
EndProject
Project("{FAE04EC0-301F-11D3-BF4B-00C04F79EFBC}") = "TRMDataManager.Library", "TRMDataManager.Library\TRMDataManager.Library.csproj", "{715E6CFC-A7D5-4967-84CF-6EE72E89DE03}"
EndProject
Project("{FAE04EC0-301F-11D3-BF4B-00C04F79EFBC}") = "TRMDesktopUI.Library", "TRMDesktopUI.Library\TRMDesktopUI.Library.csproj", "{7C569F1E-1F0D-444A-AAC7-A7A231BF028B}"
EndProject
Global
	GlobalSection(SolutionConfigurationPlatforms) = preSolution
		Debug|Any CPU = Debug|Any CPU
		Release|Any CPU = Release|Any CPU
	EndGlobalSection
	GlobalSection(ProjectConfigurationPlatforms) = postSolution
		{A27A440B-4594-4567-A7C2-F1F9420BC5B9}.Debug|Any CPU.ActiveCfg = Debug|Any CPU
		{A27A440B-4594-4567-A7C2-F1F9420BC5B9}.Debug|Any CPU.Build.0 = Debug|Any CPU
		{A27A440B-4594-4567-A7C2-F1F9420BC5B9}.Release|Any CPU.ActiveCfg = Release|Any CPU
		{A27A440B-4594-4567-A7C2-F1F9420BC5B9}.Release|Any CPU.Build.0 = Release|Any CPU
		{3D9081CC-3A97-4A82-86BF-C71E9AAFF043}.Debug|Any CPU.ActiveCfg = Debug|Any CPU
		{3D9081CC-3A97-4A82-86BF-C71E9AAFF043}.Debug|Any CPU.Build.0 = Debug|Any CPU
		{3D9081CC-3A97-4A82-86BF-C71E9AAFF043}.Debug|Any CPU.Deploy.0 = Debug|Any CPU
		{3D9081CC-3A97-4A82-86BF-C71E9AAFF043}.Release|Any CPU.ActiveCfg = Release|Any CPU
		{3D9081CC-3A97-4A82-86BF-C71E9AAFF043}.Release|Any CPU.Build.0 = Release|Any CPU
		{3D9081CC-3A97-4A82-86BF-C71E9AAFF043}.Release|Any CPU.Deploy.0 = Release|Any CPU
		{40380B9C-68B9-4052-BAFE-5F44B9053D4D}.Debug|Any CPU.ActiveCfg = Debug|Any CPU
		{40380B9C-68B9-4052-BAFE-5F44B9053D4D}.Debug|Any CPU.Build.0 = Debug|Any CPU
		{40380B9C-68B9-4052-BAFE-5F44B9053D4D}.Release|Any CPU.ActiveCfg = Release|Any CPU
		{40380B9C-68B9-4052-BAFE-5F44B9053D4D}.Release|Any CPU.Build.0 = Release|Any CPU
		{715E6CFC-A7D5-4967-84CF-6EE72E89DE03}.Debug|Any CPU.ActiveCfg = Debug|Any CPU
		{715E6CFC-A7D5-4967-84CF-6EE72E89DE03}.Debug|Any CPU.Build.0 = Debug|Any CPU
		{715E6CFC-A7D5-4967-84CF-6EE72E89DE03}.Release|Any CPU.ActiveCfg = Release|Any CPU
		{715E6CFC-A7D5-4967-84CF-6EE72E89DE03}.Release|Any CPU.Build.0 = Release|Any CPU
		{7C569F1E-1F0D-444A-AAC7-A7A231BF028B}.Debug|Any CPU.ActiveCfg = Debug|Any CPU
		{7C569F1E-1F0D-444A-AAC7-A7A231BF028B}.Debug|Any CPU.Build.0 = Debug|Any CPU
		{7C569F1E-1F0D-444A-AAC7-A7A231BF028B}.Release|Any CPU.ActiveCfg = Release|Any CPU
		{7C569F1E-1F0D-444A-AAC7-A7A231BF028B}.Release|Any CPU.Build.0 = Release|Any CPU
	EndGlobalSection
	GlobalSection(SolutionProperties) = preSolution
		HideSolutionNode = FALSE
	EndGlobalSection
	GlobalSection(ExtensibilityGlobals) = postSolution
		SolutionGuid = {2439BF01-77DA-4ADE-8740-5C93493C9D65}
	EndGlobalSection
EndGlobal
